
Microsoft Visual Studio Solution File, Format Version 12.00
# Visual Studio Version 16
VisualStudioVersion = 16.0.30717.126
MinimumVisualStudioVersion = 10.0.40219.1
Project("{2150E333-8FDC-42A3-9474-1A3956D46DE8}") = "src", "src", "{EC6AC5C8-ACCF-492E-99E6-28E935E993C4}"
EndProject
Project("{2150E333-8FDC-42A3-9474-1A3956D46DE8}") = "test", "test", "{3D8699E9-972B-47E0-9A9F-FEA369A9C832}"
EndProject
Project("{9A19103F-16F7-4668-BE54-9A1E7A4F7556}") = "ZNetCS.AspNetCore.Authentication.Basic", "src\ZNetCS.AspNetCore.Authentication.Basic\ZNetCS.AspNetCore.Authentication.Basic.csproj", "{0C36B232-F48E-4BCC-8F11-840A9694B75D}"
EndProject
Project("{9A19103F-16F7-4668-BE54-9A1E7A4F7556}") = "ZNetCS.AspNetCore.Authentication.BasicTests", "test\ZNetCS.AspNetCore.Authentication.BasicTests\ZNetCS.AspNetCore.Authentication.BasicTests.csproj", "{16932A67-81EA-4D76-873C-C22FA81F1A2D}"
EndProject
Project("{2150E333-8FDC-42A3-9474-1A3956D46DE8}") = "build", "build", "{5A15D786-35D6-47BB-99A9-14D828934F12}"
	ProjectSection(SolutionItems) = preProject
		src\Directory.Build.props = src\Directory.Build.props
		src\StrongNameKey.snk = src\StrongNameKey.snk
	EndProjectSection
EndProject
Project("{2150E333-8FDC-42A3-9474-1A3956D46DE8}") = "config", "config", "{5A300F7D-BFC6-4E63-899F-0AAF99705C0F}"
	ProjectSection(SolutionItems) = preProject
		.editorconfig = .editorconfig
		.gitignore = .gitignore
		LICENSE = LICENSE
		README.md = README.md
		stylecop.json = stylecop.json
	EndProjectSection
EndProject
Project("{2150E333-8FDC-42A3-9474-1A3956D46DE8}") = "pipelines", "pipelines", "{7F77A17E-B923-4666-A820-2A047B9689F1}"
	ProjectSection(SolutionItems) = preProject
		.github\workflows\dotnetcore.yml = .github\workflows\dotnetcore.yml
	EndProjectSection
EndProject
Global
	GlobalSection(SolutionConfigurationPlatforms) = preSolution
		Debug|Any CPU = Debug|Any CPU
		Release|Any CPU = Release|Any CPU
	EndGlobalSection
	GlobalSection(ProjectConfigurationPlatforms) = postSolution
		{0C36B232-F48E-4BCC-8F11-840A9694B75D}.Debug|Any CPU.ActiveCfg = Debug|Any CPU
		{0C36B232-F48E-4BCC-8F11-840A9694B75D}.Debug|Any CPU.Build.0 = Debug|Any CPU
		{0C36B232-F48E-4BCC-8F11-840A9694B75D}.Release|Any CPU.ActiveCfg = Release|Any CPU
		{0C36B232-F48E-4BCC-8F11-840A9694B75D}.Release|Any CPU.Build.0 = Release|Any CPU
		{16932A67-81EA-4D76-873C-C22FA81F1A2D}.Debug|Any CPU.ActiveCfg = Debug|Any CPU
		{16932A67-81EA-4D76-873C-C22FA81F1A2D}.Debug|Any CPU.Build.0 = Debug|Any CPU
		{16932A67-81EA-4D76-873C-C22FA81F1A2D}.Release|Any CPU.ActiveCfg = Release|Any CPU
		{16932A67-81EA-4D76-873C-C22FA81F1A2D}.Release|Any CPU.Build.0 = Release|Any CPU
	EndGlobalSection
	GlobalSection(SolutionProperties) = preSolution
		HideSolutionNode = FALSE
	EndGlobalSection
	GlobalSection(NestedProjects) = preSolution
		{0C36B232-F48E-4BCC-8F11-840A9694B75D} = {EC6AC5C8-ACCF-492E-99E6-28E935E993C4}
		{16932A67-81EA-4D76-873C-C22FA81F1A2D} = {3D8699E9-972B-47E0-9A9F-FEA369A9C832}
	EndGlobalSection
	GlobalSection(ExtensibilityGlobals) = postSolution
		SolutionGuid = {C9D04CE8-4159-4CA2-AE7F-8BEF87D7ACC3}
	EndGlobalSection
EndGlobal
